
Microsoft Visual Studio Solution File, Format Version 12.00
# Visual Studio Version 17
VisualStudioVersion = 17.3.32901.215
MinimumVisualStudioVersion = 10.0.40219.1
Project("{FAE04EC0-301F-11D3-BF4B-00C04F79EFBC}") = "L7_GGFB1096622", "L7_GGFB1096622.csproj", "{2D2835F3-5392-457F-978D-129A944DE3C1}"
EndProject
Global
	GlobalSection(SolutionConfigurationPlatforms) = preSolution
		Debug|Any CPU = Debug|Any CPU
		Release|Any CPU = Release|Any CPU
	EndGlobalSection
	GlobalSection(ProjectConfigurationPlatforms) = postSolution
		{2D2835F3-5392-457F-978D-129A944DE3C1}.Debug|Any CPU.ActiveCfg = Debug|Any CPU
		{2D2835F3-5392-457F-978D-129A944DE3C1}.Debug|Any CPU.Build.0 = Debug|Any CPU
		{2D2835F3-5392-457F-978D-129A944DE3C1}.Release|Any CPU.ActiveCfg = Release|Any CPU
		{2D2835F3-5392-457F-978D-129A944DE3C1}.Release|Any CPU.Build.0 = Release|Any CPU
	EndGlobalSection
	GlobalSection(SolutionProperties) = preSolution
		HideSolutionNode = FALSE
	EndGlobalSection
	GlobalSection(ExtensibilityGlobals) = postSolution
		SolutionGuid = {18FE74EE-C3DF-4DDA-810B-2B63E9FB65CB}
	EndGlobalSection
EndGlobal
